{
  "version": 1,
  "dependencies": {
    "net7.0": {
      "JetBrains.Annotations": {
        "type": "Direct",
        "requested": "[2021.3.0, )",
        "resolved": "2021.3.0",
        "contentHash": "Ddxjs5RRjf+c8m9m++WvhW1lz1bqNhsTjWvCLbQN9bvKbkJeR9MhtfNwKgBRRdG2yLHcXFr5Lf7fsvvkiPaDRg=="
      }
    }
  }
}